
Microsoft Visual Studio Solution File, Format Version 12.00
# Visual Studio Version 17
VisualStudioVersion = 17.3.32804.467
MinimumVisualStudioVersion = 10.0.40219.1
Project("{FAE04EC0-301F-11D3-BF4B-00C04F79EFBC}") = "Movies", "Movies\Movies.csproj", "{E8D33F93-389E-467D-9A35-2B4B0BD165EB}"
EndProject
Global
	GlobalSection(SolutionConfigurationPlatforms) = preSolution
		Debug|Any CPU = Debug|Any CPU
		Release|Any CPU = Release|Any CPU
	EndGlobalSection
	GlobalSection(ProjectConfigurationPlatforms) = postSolution
		{E8D33F93-389E-467D-9A35-2B4B0BD165EB}.Debug|Any CPU.ActiveCfg = Debug|Any CPU
		{E8D33F93-389E-467D-9A35-2B4B0BD165EB}.Debug|Any CPU.Build.0 = Debug|Any CPU
		{E8D33F93-389E-467D-9A35-2B4B0BD165EB}.Release|Any CPU.ActiveCfg = Release|Any CPU
		{E8D33F93-389E-467D-9A35-2B4B0BD165EB}.Release|Any CPU.Build.0 = Release|Any CPU
	EndGlobalSection
	GlobalSection(SolutionProperties) = preSolution
		HideSolutionNode = FALSE
	EndGlobalSection
	GlobalSection(ExtensibilityGlobals) = postSolution
		SolutionGuid = {B85E725D-3273-4983-85A9-CC088F387F0A}
	EndGlobalSection
EndGlobal
